
Microsoft Visual Studio Solution File, Format Version 12.00
Project("{FAE04EC0-301F-11D3-BF4B-00C04F79EFBC}") = "Notadise", "Notadise\Notadise.csproj", "{B0AA6A41-D2FD-4E3B-974E-9BE94DAC2285}"
EndProject
Global
	GlobalSection(SolutionConfigurationPlatforms) = preSolution
		Debug|Any CPU = Debug|Any CPU
		Release|Any CPU = Release|Any CPU
	EndGlobalSection
	GlobalSection(ProjectConfigurationPlatforms) = postSolution
		{B0AA6A41-D2FD-4E3B-974E-9BE94DAC2285}.Debug|Any CPU.ActiveCfg = Debug|Any CPU
		{B0AA6A41-D2FD-4E3B-974E-9BE94DAC2285}.Debug|Any CPU.Build.0 = Debug|Any CPU
		{B0AA6A41-D2FD-4E3B-974E-9BE94DAC2285}.Release|Any CPU.ActiveCfg = Release|Any CPU
		{B0AA6A41-D2FD-4E3B-974E-9BE94DAC2285}.Release|Any CPU.Build.0 = Release|Any CPU
	EndGlobalSection
EndGlobal
